// !$*UTF8*$!
{
	archiveVersion = 1;
	classes = {
	};
	objectVersion = 46;
	objects = {

/* Begin PBXBuildFile section */
		4C128DF31A4C2202002FA749 /* AppDelegate.swift in Sources */ = {isa = PBXBuildFile; fileRef = 4C128DF21A4C2202002FA749 /* AppDelegate.swift */; };
		4C128DF51A4C2202002FA749 /* GTFXTabBarController.swift in Sources */ = {isa = PBXBuildFile; fileRef = 4C128DF41A4C2202002FA749 /* GTFXTabBarController.swift */; };
		4C128DF81A4C2202002FA749 /* Main.storyboard in Resources */ = {isa = PBXBuildFile; fileRef = 4C128DF61A4C2202002FA749 /* Main.storyboard */; };
		4C128DFA1A4C2202002FA749 /* Images.xcassets in Resources */ = {isa = PBXBuildFile; fileRef = 4C128DF91A4C2202002FA749 /* Images.xcassets */; };
		4C128DFD1A4C2202002FA749 /* LaunchScreen.xib in Resources */ = {isa = PBXBuildFile; fileRef = 4C128DFB1A4C2202002FA749 /* LaunchScreen.xib */; };
		4C128E091A4C2202002FA749 /* ____swiftTests.swift in Sources */ = {isa = PBXBuildFile; fileRef = 4C128E081A4C2202002FA749 /* ____swiftTests.swift */; };
		4C5FCE3D1A4D5DC1001B178A /* SettingTableViewController.swift in Sources */ = {isa = PBXBuildFile; fileRef = 4C5FCE3B1A4D5DC1001B178A /* SettingTableViewController.swift */; };
		4C5FCE3E1A4D5DC1001B178A /* SettingTableViewController.xib in Resources */ = {isa = PBXBuildFile; fileRef = 4C5FCE3C1A4D5DC1001B178A /* SettingTableViewController.xib */; };
		4C5FCE411A4D5FF6001B178A /* SettingTableViewCell.swift in Sources */ = {isa = PBXBuildFile; fileRef = 4C5FCE3F1A4D5FF6001B178A /* SettingTableViewCell.swift */; };
		4C5FCE421A4D5FF6001B178A /* SettingTableViewCell.xib in Resources */ = {isa = PBXBuildFile; fileRef = 4C5FCE401A4D5FF6001B178A /* SettingTableViewCell.xib */; };
		4CD852341A4D137200A946DA /* MainViewController.swift in Sources */ = {isa = PBXBuildFile; fileRef = 4CD852331A4D137200A946DA /* MainViewController.swift */; };
		4CD852361A4D479F00A946DA /* SettingViewController.swift in Sources */ = {isa = PBXBuildFile; fileRef = 4CD852351A4D479F00A946DA /* SettingViewController.swift */; };
		4CDC94D81A50FF5B00653EC0 /* SetTableViewController.swift in Sources */ = {isa = PBXBuildFile; fileRef = 4CDC94D71A50FF5B00653EC0 /* SetTableViewController.swift */; };
/* End PBXBuildFile section */

/* Begin PBXContainerItemProxy section */
		4C128E031A4C2202002FA749 /* PBXContainerItemProxy */ = {
			isa = PBXContainerItemProxy;
			containerPortal = 4C128DE51A4C2202002FA749 /* Project object */;
			proxyType = 1;
			remoteGlobalIDString = 4C128DEC1A4C2202002FA749;
			remoteInfo = "网易彩票swift";
		};
/* End PBXContainerItemProxy section */

/* Begin PBXFileReference section */
		4C128DED1A4C2202002FA749 /* 网易彩票swift.app */ = {isa = PBXFileReference; explicitFileType = wrapper.application; includeInIndex = 0; path = "网易彩票swift.app"; sourceTree = BUILT_PRODUCTS_DIR; };
		4C128DF11A4C2202002FA749 /* Info.plist */ = {isa = PBXFileReference; lastKnownFileType = text.plist.xml; path = Info.plist; sourceTree = "<group>"; };
		4C128DF21A4C2202002FA749 /* AppDelegate.swift */ = {isa = PBXFileReference; lastKnownFileType = sourcecode.swift; path = AppDelegate.swift; sourceTree = "<group>"; };
		4C128DF41A4C2202002FA749 /* GTFXTabBarController.swift */ = {isa = PBXFileReference; lastKnownFileType = sourcecode.swift; path = GTFXTabBarController.swift; sourceTree = "<group>"; };
		4C128DF71A4C2202002FA749 /* Base */ = {isa = PBXFileReference; lastKnownFileType = file.storyboard; name = Base; path = Base.lproj/Main.storyboard; sourceTree = "<group>"; };
		4C128DF91A4C2202002FA749 /* Images.xcassets */ = {isa = PBXFileReference; lastKnownFileType = folder.assetcatalog; path = Images.xcassets; sourceTree = "<group>"; };
		4C128DFC1A4C2202002FA749 /* Base */ = {isa = PBXFileReference; lastKnownFileType = file.xib; name = Base; path = Base.lproj/LaunchScreen.xib; sourceTree = "<group>"; };
		4C128E021A4C2202002FA749 /* 网易彩票swiftTests.xctest */ = {isa = PBXFileReference; explicitFileType = wrapper.cfbundle; includeInIndex = 0; path = "网易彩票swiftTests.xctest"; sourceTree = BUILT_PRODUCTS_DIR; };
		4C128E071A4C2202002FA749 /* Info.plist */ = {isa = PBXFileReference; lastKnownFileType = text.plist.xml; path = Info.plist; sourceTree = "<group>"; };
		4C128E081A4C2202002FA749 /* ____swiftTests.swift */ = {isa = PBXFileReference; lastKnownFileType = sourcecode.swift; path = "____swiftTests.swift"; sourceTree = "<group>"; };
		4C5FCE3B1A4D5DC1001B178A /* SettingTableViewController.swift */ = {isa = PBXFileReference; fileEncoding = 4; lastKnownFileType = sourcecode.swift; path = SettingTableViewController.swift; sourceTree = "<group>"; };
		4C5FCE3C1A4D5DC1001B178A /* SettingTableViewController.xib */ = {isa = PBXFileReference; fileEncoding = 4; lastKnownFileType = file.xib; path = SettingTableViewController.xib; sourceTree = "<group>"; };
		4C5FCE3F1A4D5FF6001B178A /* SettingTableViewCell.swift */ = {isa = PBXFileReference; fileEncoding = 4; lastKnownFileType = sourcecode.swift; path = SettingTableViewCell.swift; sourceTree = "<group>"; };
		4C5FCE401A4D5FF6001B178A /* SettingTableViewCell.xib */ = {isa = PBXFileReference; fileEncoding = 4; lastKnownFileType = file.xib; path = SettingTableViewCell.xib; sourceTree = "<group>"; };
		4CD852331A4D137200A946DA /* MainViewController.swift */ = {isa = PBXFileReference; fileEncoding = 4; lastKnownFileType = sourcecode.swift; path = MainViewController.swift; sourceTree = "<group>"; };
		4CD852351A4D479F00A946DA /* SettingViewController.swift */ = {isa = PBXFileReference; fileEncoding = 4; lastKnownFileType = sourcecode.swift; path = SettingViewController.swift; sourceTree = "<group>"; };
		4CDC94D71A50FF5B00653EC0 /* SetTableViewController.swift */ = {isa = PBXFileReference; fileEncoding = 4; lastKnownFileType = sourcecode.swift; path = SetTableViewController.swift; sourceTree = "<group>"; };
/* End PBXFileReference section */

/* Begin PBXFrameworksBuildPhase section */
		4C128DEA1A4C2202002FA749 /* Frameworks */ = {
			isa = PBXFrameworksBuildPhase;
			buildActionMask = 2147483647;
			files = (
			);
			runOnlyForDeploymentPostprocessing = 0;
		};
		4C128DFF1A4C2202002FA749 /* Frameworks */ = {
			isa = PBXFrameworksBuildPhase;
			buildActionMask = 2147483647;
			files = (
			);
			runOnlyForDeploymentPostprocessing = 0;
		};
/* End PBXFrameworksBuildPhase section */

/* Begin PBXGroup section */
		4C128DE41A4C2202002FA749 = {
			isa = PBXGroup;
			children = (
				4C128DEF1A4C2202002FA749 /* 网易彩票swift */,
				4C128E051A4C2202002FA749 /* 网易彩票swiftTests */,
				4C128DEE1A4C2202002FA749 /* Products */,
			);
			sourceTree = "<group>";
		};
		4C128DEE1A4C2202002FA749 /* Products */ = {
			isa = PBXGroup;
			children = (
				4C128DED1A4C2202002FA749 /* 网易彩票swift.app */,
				4C128E021A4C2202002FA749 /* 网易彩票swiftTests.xctest */,
			);
			name = Products;
			sourceTree = "<group>";
		};
		4C128DEF1A4C2202002FA749 /* 网易彩票swift */ = {
			isa = PBXGroup;
			children = (
				4C128DF21A4C2202002FA749 /* AppDelegate.swift */,
				4C128DF41A4C2202002FA749 /* GTFXTabBarController.swift */,
				4CD852351A4D479F00A946DA /* SettingViewController.swift */,
				4C128DF61A4C2202002FA749 /* Main.storyboard */,
				4CDC94D71A50FF5B00653EC0 /* SetTableViewController.swift */,
				4CD852331A4D137200A946DA /* MainViewController.swift */,
				4C5FCE3A1A4D5D9F001B178A /* setting */,
				4C128DF91A4C2202002FA749 /* Images.xcassets */,
				4C128DFB1A4C2202002FA749 /* LaunchScreen.xib */,
				4C128DF01A4C2202002FA749 /* Supporting Files */,
			);
			path = "网易彩票swift";
			sourceTree = "<group>";
		};
		4C128DF01A4C2202002FA749 /* Supporting Files */ = {
			isa = PBXGroup;
			children = (
				4C128DF11A4C2202002FA749 /* Info.plist */,
			);
			name = "Supporting Files";
			sourceTree = "<group>";
		};
		4C128E051A4C2202002FA749 /* 网易彩票swiftTests */ = {
			isa = PBXGroup;
			children = (
				4C128E081A4C2202002FA749 /* ____swiftTests.swift */,
				4C128E061A4C2202002FA749 /* Supporting Files */,
			);
			path = "网易彩票swiftTests";
			sourceTree = "<group>";
		};
		4C128E061A4C2202002FA749 /* Supporting Files */ = {
			isa = PBXGroup;
			children = (
				4C128E071A4C2202002FA749 /* Info.plist */,
			);
			name = "Supporting Files";
			sourceTree = "<group>";
		};
		4C5FCE3A1A4D5D9F001B178A /* setting */ = {
			isa = PBXGroup;
			children = (
				4C5FCE3B1A4D5DC1001B178A /* SettingTableViewController.swift */,
				4C5FCE3C1A4D5DC1001B178A /* SettingTableViewController.xib */,
				4C5FCE3F1A4D5FF6001B178A /* SettingTableViewCell.swift */,
				4C5FCE401A4D5FF6001B178A /* SettingTableViewCell.xib */,
			);
			path = setting;
			sourceTree = "<group>";
		};
/* End PBXGroup section */

/* Begin PBXNativeTarget section */
		4C128DEC1A4C2202002FA749 /* 网易彩票swift */ = {
			isa = PBXNativeTarget;
			buildConfigurationList = 4C128E0C1A4C2202002FA749 /* Build configuration list for PBXNativeTarget "网易彩票swift" */;
			buildPhases = (
				4C128DE91A4C2202002FA749 /* Sources */,
				4C128DEA1A4C2202002FA749 /* Frameworks */,
				4C128DEB1A4C2202002FA749 /* Resources */,
			);
			buildRules = (
			);
			dependencies = (
			);
			name = "网易彩票swift";
			productName = "网易彩票swift";
			productReference = 4C128DED1A4C2202002FA749 /* 网易彩票swift.app */;
			productType = "com.apple.product-type.application";
		};
		4C128E011A4C2202002FA749 /* 网易彩票swiftTests */ = {
			isa = PBXNativeTarget;
			buildConfigurationList = 4C128E0F1A4C2202002FA749 /* Build configuration list for PBXNativeTarget "网易彩票swiftTests" */;
			buildPhases = (
				4C128DFE1A4C2202002FA749 /* Sources */,
				4C128DFF1A4C2202002FA749 /* Frameworks */,
				4C128E001A4C2202002FA749 /* Resources */,
			);
			buildRules = (
			);
			dependencies = (
				4C128E041A4C2202002FA749 /* PBXTargetDependency */,
			);
			name = "网易彩票swiftTests";
			productName = "网易彩票swiftTests";
			productReference = 4C128E021A4C2202002FA749 /* 网易彩票swiftTests.xctest */;
			productType = "com.apple.product-type.bundle.unit-test";
		};
/* End PBXNativeTarget section */

/* Begin PBXProject section */
		4C128DE51A4C2202002FA749 /* Project object */ = {
			isa = PBXProject;
			attributes = {
				LastUpgradeCheck = 0610;
				ORGANIZATIONNAME = monileNowGroup;
				TargetAttributes = {
					4C128DEC1A4C2202002FA749 = {
						CreatedOnToolsVersion = 6.1;
					};
					4C128E011A4C2202002FA749 = {
						CreatedOnToolsVersion = 6.1;
						TestTargetID = 4C128DEC1A4C2202002FA749;
					};
				};
			};
			buildConfigurationList = 4C128DE81A4C2202002FA749 /* Build configuration list for PBXProject "网易彩票swift" */;
			compatibilityVersion = "Xcode 3.2";
			developmentRegion = English;
			hasScannedForEncodings = 0;
			knownRegions = (
				en,
				Base,
			);
			mainGroup = 4C128DE41A4C2202002FA749;
			productRefGroup = 4C128DEE1A4C2202002FA749 /* Products */;
			projectDirPath = "";
			projectRoot = "";
			targets = (
				4C128DEC1A4C2202002FA749 /* 网易彩票swift */,
				4C128E011A4C2202002FA749 /* 网易彩票swiftTests */,
			);
		};
/* End PBXProject section */

/* Begin PBXResourcesBuildPhase section */
		4C128DEB1A4C2202002FA749 /* Resources */ = {
			isa = PBXResourcesBuildPhase;
			buildActionMask = 2147483647;
			files = (
				4C5FCE3E1A4D5DC1001B178A /* SettingTableViewController.xib in Resources */,
				4C128DF81A4C2202002FA749 /* Main.storyboard in Resources */,
				4C128DFD1A4C2202002FA749 /* LaunchScreen.xib in Resources */,
				4C5FCE421A4D5FF6001B178A /* SettingTableViewCell.xib in Resources */,
				4C128DFA1A4C2202002FA749 /* Images.xcassets in Resources */,
			);
			runOnlyForDeploymentPostprocessing = 0;
		};
		4C128E001A4C2202002FA749 /* Resources */ = {
			isa = PBXResourcesBuildPhase;
			buildActionMask = 2147483647;
			files = (
			);
			runOnlyForDeploymentPostprocessing = 0;
		};
/* End PBXResourcesBuildPhase section */

/* Begin PBXSourcesBuildPhase section */
		4C128DE91A4C2202002FA749 /* Sources */ = {
			isa = PBXSourcesBuildPhase;
			buildActionMask = 2147483647;
			files = (
				4C5FCE411A4D5FF6001B178A /* SettingTableViewCell.swift in Sources */,
				4CD852341A4D137200A946DA /* MainViewController.swift in Sources */,
				4C128DF51A4C2202002FA749 /* GTFXTabBarController.swift in Sources */,
				4CDC94D81A50FF5B00653EC0 /* SetTableViewController.swift in Sources */,
				4C128DF31A4C2202002FA749 /* AppDelegate.swift in Sources */,
				4CD852361A4D479F00A946DA /* SettingViewController.swift in Sources */,
				4C5FCE3D1A4D5DC1001B178A /* SettingTableViewController.swift in Sources */,
			);
			runOnlyForDeploymentPostprocessing = 0;
		};
		4C128DFE1A4C2202002FA749 /* Sources */ = {
			isa = PBXSourcesBuildPhase;
			buildActionMask = 2147483647;
			files = (
				4C128E091A4C2202002FA749 /* ____swiftTests.swift in Sources */,
			);
			runOnlyForDeploymentPostprocessing = 0;
		};
/* End PBXSourcesBuildPhase section */

/* Begin PBXTargetDependency section */
		4C128E041A4C2202002FA749 /* PBXTargetDependency */ = {
			isa = PBXTargetDependency;
			target = 4C128DEC1A4C2202002FA749 /* 网易彩票swift */;
			targetProxy = 4C128E031A4C2202002FA749 /* PBXContainerItemProxy */;
		};
/* End PBXTargetDependency section */

/* Begin PBXVariantGroup section */
		4C128DF61A4C2202002FA749 /* Main.storyboard */ = {
			isa = PBXVariantGroup;
			children = (
				4C128DF71A4C2202002FA749 /* Base */,
			);
			name = Main.storyboard;
			sourceTree = "<group>";
		};
		4C128DFB1A4C2202002FA749 /* LaunchScreen.xib */ = {
			isa = PBXVariantGroup;
			children = (
				4C128DFC1A4C2202002FA749 /* Base */,
			);
			name = LaunchScreen.xib;
			sourceTree = "<group>";
		};
/* End PBXVariantGroup section */

/* Begin XCBuildConfiguration section */
		4C128E0A1A4C2202002FA749 /* Debug */ = {
			isa = XCBuildConfiguration;
			buildSettings = {
				ALWAYS_SEARCH_USER_PATHS = NO;
				CLANG_CXX_LANGUAGE_STANDARD = "gnu++0x";
				CLANG_CXX_LIBRARY = "libc++";
				CLANG_ENABLE_MODULES = YES;
				CLANG_ENABLE_OBJC_ARC = YES;
				CLANG_WARN_BOOL_CONVERSION = YES;
				CLANG_WARN_CONSTANT_CONVERSION = YES;
				CLANG_WARN_DIRECT_OBJC_ISA_USAGE = YES_ERROR;
				CLANG_WARN_EMPTY_BODY = YES;
				CLANG_WARN_ENUM_CONVERSION = YES;
				CLANG_WARN_INT_CONVERSION = YES;
				CLANG_WARN_OBJC_ROOT_CLASS = YES_ERROR;
				CLANG_WARN_UNREACHABLE_CODE = YES;
				CLANG_WARN__DUPLICATE_METHOD_MATCH = YES;
				"CODE_SIGN_IDENTITY[sdk=iphoneos*]" = "iPhone Developer";
				COPY_PHASE_STRIP = NO;
				ENABLE_STRICT_OBJC_MSGSEND = YES;
				GCC_C_LANGUAGE_STANDARD = gnu99;
				GCC_DYNAMIC_NO_PIC = NO;
				GCC_OPTIMIZATION_LEVEL = 0;
				GCC_PREPROCESSOR_DEFINITIONS = (
					"DEBUG=1",
					"$(inherited)",
				);
				GCC_SYMBOLS_PRIVATE_EXTERN = NO;
				GCC_WARN_64_TO_32_BIT_CONVERSION = YES;
				GCC_WARN_ABOUT_RETURN_TYPE = YES_ERROR;
				GCC_WARN_UNDECLARED_SELECTOR = YES;
				GCC_WARN_UNINITIALIZED_AUTOS = YES_AGGRESSIVE;
				GCC_WARN_UNUSED_FUNCTION = YES;
				GCC_WARN_UNUSED_VARIABLE = YES;
				IPHONEOS_DEPLOYMENT_TARGET = 8.1;
				MTL_ENABLE_DEBUG_INFO = YES;
				ONLY_ACTIVE_ARCH = YES;
				SDKROOT = iphoneos;
				SWIFT_OPTIMIZATION_LEVEL = "-Onone";
			};
			name = Debug;
		};
		4C128E0B1A4C2202002FA749 /* Release */ = {
			isa = XCBuildConfiguration;
			buildSettings = {
				ALWAYS_SEARCH_USER_PATHS = NO;
				CLANG_CXX_LANGUAGE_STANDARD = "gnu++0x";
				CLANG_CXX_LIBRARY = "libc++";
				CLANG_ENABLE_MODULES = YES;
				CLANG_ENABLE_OBJC_ARC = YES;
				CLANG_WARN_BOOL_CONVERSION = YES;
				CLANG_WARN_CONSTANT_CONVERSION = YES;
				CLANG_WARN_DIRECT_OBJC_ISA_USAGE = YES_ERROR;
				CLANG_WARN_EMPTY_BODY = YES;
				CLANG_WARN_ENUM_CONVERSION = YES;
				CLANG_WARN_INT_CONVERSION = YES;
				CLANG_WARN_OBJC_ROOT_CLASS = YES_ERROR;
				CLANG_WARN_UNREACHABLE_CODE = YES;
				CLANG_WARN__DUPLICATE_METHOD_MATCH = YES;
				"CODE_SIGN_IDENTITY[sdk=iphoneos*]" = "iPhone Developer";
				COPY_PHASE_STRIP = YES;
				ENABLE_NS_ASSERTIONS = NO;
				ENABLE_STRICT_OBJC_MSGSEND = YES;
				GCC_C_LANGUAGE_STANDARD = gnu99;
				GCC_WARN_64_TO_32_BIT_CONVERSION = YES;
				GCC_WARN_ABOUT_RETURN_TYPE = YES_ERROR;
				GCC_WARN_UNDECLARED_SELECTOR = YES;
				GCC_WARN_UNINITIALIZED_AUTOS = YES_AGGRESSIVE;
				GCC_WARN_UNUSED_FUNCTION = YES;
				GCC_WARN_UNUSED_VARIABLE = YES;
				IPHONEOS_DEPLOYMENT_TARGET = 8.1;
				MTL_ENABLE_DEBUG_INFO = NO;
				SDKROOT = iphoneos;
				VALIDATE_PRODUCT = YES;
			};
			name = Release;
		};
		4C128E0D1A4C2202002FA749 /* Debug */ = {
			isa = XCBuildConfiguration;
			buildSettings = {
				ASSETCATALOG_COMPILER_APPICON_NAME = AppIcon;
				INFOPLIST_FILE = "网易彩票swift/Info.plist";
				LD_RUNPATH_SEARCH_PATHS = "$(inherited) @executable_path/Frameworks";
				PRODUCT_NAME = "$(TARGET_NAME)";
			};
			name = Debug;
		};
		4C128E0E1A4C2202002FA749 /* Release */ = {
			isa = XCBuildConfiguration;
			buildSettings = {
				ASSETCATALOG_COMPILER_APPICON_NAME = AppIcon;
				INFOPLIST_FILE = "网易彩票swift/Info.plist";
				LD_RUNPATH_SEARCH_PATHS = "$(inherited) @executable_path/Frameworks";
				PRODUCT_NAME = "$(TARGET_NAME)";
			};
			name = Release;
		};
		4C128E101A4C2202002FA749 /* Debug */ = {
			isa = XCBuildConfiguration;
			buildSettings = {
				BUNDLE_LOADER = "$(TEST_HOST)";
				FRAMEWORK_SEARCH_PATHS = (
					"$(SDKROOT)/Developer/Library/Frameworks",
					"$(inherited)",
				);
				GCC_PREPROCESSOR_DEFINITIONS = (
					"DEBUG=1",
					"$(inherited)",
				);
				INFOPLIST_FILE = "网易彩票swiftTests/Info.plist";
				LD_RUNPATH_SEARCH_PATHS = "$(inherited) @executable_path/Frameworks @loader_path/Frameworks";
				PRODUCT_NAME = "$(TARGET_NAME)";
				TEST_HOST = "$(BUILT_PRODUCTS_DIR)/网易彩票swift.app/网易彩票swift";
			};
			name = Debug;
		};
		4C128E111A4C2202002FA749 /* Release */ = {
			isa = XCBuildConfiguration;
			buildSettings = {
				BUNDLE_LOADER = "$(TEST_HOST)";
				FRAMEWORK_SEARCH_PATHS = (
					"$(SDKROOT)/Developer/Library/Frameworks",
					"$(inherited)",
				);
				INFOPLIST_FILE = "网易彩票swiftTests/Info.plist";
				LD_RUNPATH_SEARCH_PATHS = "$(inherited) @executable_path/Frameworks @loader_path/Frameworks";
				PRODUCT_NAME = "$(TARGET_NAME)";
				TEST_HOST = "$(BUILT_PRODUCTS_DIR)/网易彩票swift.app/网易彩票swift";
			};
			name = Release;
		};
/* End XCBuildConfiguration section */

/* Begin XCConfigurationList section */
		4C128DE81A4C2202002FA749 /* Build configuration list for PBXProject "网易彩票swift" */ = {
			isa = XCConfigurationList;
			buildConfigurations = (
				4C128E0A1A4C2202002FA749 /* Debug */,
				4C128E0B1A4C2202002FA749 /* Release */,
			);
			defaultConfigurationIsVisible = 0;
			defaultConfigurationName = Release;
		};
		4C128E0C1A4C2202002FA749 /* Build configuration list for PBXNativeTarget "网易彩票swift" */ = {
			isa = XCConfigurationList;
			buildConfigurations = (
				4C128E0D1A4C2202002FA749 /* Debug */,
				4C128E0E1A4C2202002FA749 /* Release */,
			);
			defaultConfigurationIsVisible = 0;
			defaultConfigurationName = Release;
		};
		4C128E0F1A4C2202002FA749 /* Build configuration list for PBXNativeTarget "网易彩票swiftTests" */ = {
			isa = XCConfigurationList;
			buildConfigurations = (
				4C128E101A4C2202002FA749 /* Debug */,
				4C128E111A4C2202002FA749 /* Release */,
			);
			defaultConfigurationIsVisible = 0;
			defaultConfigurationName = Release;
		};
/* End XCConfigurationList section */
	};
	rootObject = 4C128DE51A4C2202002FA749 /* Project object */;
}
